
Microsoft Visual Studio Solution File, Format Version 12.00
# Visual Studio Version 17
VisualStudioVersion = 17.6.33815.320
MinimumVisualStudioVersion = 10.0.40219.1
Project("{9A19103F-16F7-4668-BE54-9A1E7A4F7556}") = "ClientServerApp.Common", "ClientServerApp.Common\ClientServerApp.Common.csproj", "{528FEE13-42D2-4413-9475-91D356C5867E}"
EndProject
Project("{2150E333-8FDC-42A3-9474-1A3956D46DE8}") = "Solution Items", "Solution Items", "{A20EA4B6-1FB2-400A-B166-91398A5E68BF}"
	ProjectSection(SolutionItems) = preProject
		IPs.txt = IPs.txt
	EndProjectSection
EndProject
Project("{9A19103F-16F7-4668-BE54-9A1E7A4F7556}") = "ClientServerApp.Database", "ClientServerApp.Database\ClientServerApp.Database.csproj", "{673DD1CC-79C7-4E99-B7C0-CA8B89519C6E}"
EndProject
Project("{9A19103F-16F7-4668-BE54-9A1E7A4F7556}") = "ClientServerApp.Services", "ClientServerApp.Services\ClientServerApp.Services.csproj", "{56BD34E2-1304-4F0B-A8FD-8FCBE6768427}"
EndProject
Project("{FAE04EC0-301F-11D3-BF4B-00C04F79EFBC}") = "ClientServerApp.Client", "ClientServerApp.Client\ClientServerApp.Client.csproj", "{062745E2-7220-4123-8DE5-BB85992CA0DC}"
EndProject
Project("{FAE04EC0-301F-11D3-BF4B-00C04F79EFBC}") = "ClientServerApp.Server", "ClientServerApp.Server\ClientServerApp.Server.csproj", "{EDEF311C-DD88-4374-B864-182858C0880E}"
EndProject
Project("{FAE04EC0-301F-11D3-BF4B-00C04F79EFBC}") = "ClientServerApp.Console", "ClientServerApp.Console\ClientServerApp.Console.csproj", "{CFD57A11-634E-4131-9AB6-7A3480822391}"
EndProject
Project("{FAE04EC0-301F-11D3-BF4B-00C04F79EFBC}") = "ClientServerApp.Desktop", "ClientServerApp.Desktop\ClientServerApp.Desktop.csproj", "{2C647ABC-FF53-4E72-8BA6-38F9914FF090}"
EndProject
Project("{FAE04EC0-301F-11D3-BF4B-00C04F79EFBC}") = "ClientServerApp.Mobile.UWP", "ClientServerApp.Mobile\ClientServerApp.Mobile.UWP\ClientServerApp.Mobile.UWP.csproj", "{8A2E3F7E-578D-43FA-9D60-D4B04E0296D9}"
EndProject
Project("{FAE04EC0-301F-11D3-BF4B-00C04F79EFBC}") = "ClientServerApp.Mobile.Android", "ClientServerApp.Mobile\ClientServerApp.Mobile.Android\ClientServerApp.Mobile.Android.csproj", "{8562ADF5-5740-4EA6-8823-23BEA280A20A}"
EndProject
Project("{FAE04EC0-301F-11D3-BF4B-00C04F79EFBC}") = "ClientServerApp.Mobile.iOS", "ClientServerApp.Mobile\ClientServerApp.Mobile.iOS\ClientServerApp.Mobile.iOS.csproj", "{F98FBBAC-AA00-4C2B-B4C4-C6CE1F8E5D85}"
EndProject
Project("{FAE04EC0-301F-11D3-BF4B-00C04F79EFBC}") = "ClientServerApp.Mobile", "ClientServerApp.Mobile\ClientServerApp.Mobile\ClientServerApp.Mobile.csproj", "{19961196-AB32-455D-BB72-3699D08B597F}"
EndProject
Global
	GlobalSection(SolutionConfigurationPlatforms) = preSolution
		Debug|Any CPU = Debug|Any CPU
		Debug|ARM = Debug|ARM
		Debug|iPhone = Debug|iPhone
		Debug|iPhoneSimulator = Debug|iPhoneSimulator
		Debug|x64 = Debug|x64
		Debug|x86 = Debug|x86
		Release|Any CPU = Release|Any CPU
		Release|ARM = Release|ARM
		Release|iPhone = Release|iPhone
		Release|iPhoneSimulator = Release|iPhoneSimulator
		Release|x64 = Release|x64
		Release|x86 = Release|x86
	EndGlobalSection
	GlobalSection(ProjectConfigurationPlatforms) = postSolution
		{528FEE13-42D2-4413-9475-91D356C5867E}.Debug|Any CPU.ActiveCfg = Debug|Any CPU
		{528FEE13-42D2-4413-9475-91D356C5867E}.Debug|Any CPU.Build.0 = Debug|Any CPU
		{528FEE13-42D2-4413-9475-91D356C5867E}.Debug|ARM.ActiveCfg = Debug|Any CPU
		{528FEE13-42D2-4413-9475-91D356C5867E}.Debug|ARM.Build.0 = Debug|Any CPU
		{528FEE13-42D2-4413-9475-91D356C5867E}.Debug|iPhone.ActiveCfg = Debug|Any CPU
		{528FEE13-42D2-4413-9475-91D356C5867E}.Debug|iPhone.Build.0 = Debug|Any CPU
		{528FEE13-42D2-4413-9475-91D356C5867E}.Debug|iPhoneSimulator.ActiveCfg = Debug|Any CPU
		{528FEE13-42D2-4413-9475-91D356C5867E}.Debug|iPhoneSimulator.Build.0 = Debug|Any CPU
		{528FEE13-42D2-4413-9475-91D356C5867E}.Debug|x64.ActiveCfg = Debug|Any CPU
		{528FEE13-42D2-4413-9475-91D356C5867E}.Debug|x64.Build.0 = Debug|Any CPU
		{528FEE13-42D2-4413-9475-91D356C5867E}.Debug|x86.ActiveCfg = Debug|Any CPU
		{528FEE13-42D2-4413-9475-91D356C5867E}.Debug|x86.Build.0 = Debug|Any CPU
		{528FEE13-42D2-4413-9475-91D356C5867E}.Release|Any CPU.ActiveCfg = Release|Any CPU
		{528FEE13-42D2-4413-9475-91D356C5867E}.Release|Any CPU.Build.0 = Release|Any CPU
		{528FEE13-42D2-4413-9475-91D356C5867E}.Release|ARM.ActiveCfg = Release|Any CPU
		{528FEE13-42D2-4413-9475-91D356C5867E}.Release|ARM.Build.0 = Release|Any CPU
		{528FEE13-42D2-4413-9475-91D356C5867E}.Release|iPhone.ActiveCfg = Release|Any CPU
		{528FEE13-42D2-4413-9475-91D356C5867E}.Release|iPhone.Build.0 = Release|Any CPU
		{528FEE13-42D2-4413-9475-91D356C5867E}.Release|iPhoneSimulator.ActiveCfg = Release|Any CPU
		{528FEE13-42D2-4413-9475-91D356C5867E}.Release|iPhoneSimulator.Build.0 = Release|Any CPU
		{528FEE13-42D2-4413-9475-91D356C5867E}.Release|x64.ActiveCfg = Release|Any CPU
		{528FEE13-42D2-4413-9475-91D356C5867E}.Release|x64.Build.0 = Release|Any CPU
		{528FEE13-42D2-4413-9475-91D356C5867E}.Release|x86.ActiveCfg = Release|Any CPU
		{528FEE13-42D2-4413-9475-91D356C5867E}.Release|x86.Build.0 = Release|Any CPU
		{673DD1CC-79C7-4E99-B7C0-CA8B89519C6E}.Debug|Any CPU.ActiveCfg = Debug|Any CPU
		{673DD1CC-79C7-4E99-B7C0-CA8B89519C6E}.Debug|Any CPU.Build.0 = Debug|Any CPU
		{673DD1CC-79C7-4E99-B7C0-CA8B89519C6E}.Debug|ARM.ActiveCfg = Debug|Any CPU
		{673DD1CC-79C7-4E99-B7C0-CA8B89519C6E}.Debug|ARM.Build.0 = Debug|Any CPU
		{673DD1CC-79C7-4E99-B7C0-CA8B89519C6E}.Debug|iPhone.ActiveCfg = Debug|Any CPU
		{673DD1CC-79C7-4E99-B7C0-CA8B89519C6E}.Debug|iPhone.Build.0 = Debug|Any CPU
		{673DD1CC-79C7-4E99-B7C0-CA8B89519C6E}.Debug|iPhoneSimulator.ActiveCfg = Debug|Any CPU
		{673DD1CC-79C7-4E99-B7C0-CA8B89519C6E}.Debug|iPhoneSimulator.Build.0 = Debug|Any CPU
		{673DD1CC-79C7-4E99-B7C0-CA8B89519C6E}.Debug|x64.ActiveCfg = Debug|Any CPU
		{673DD1CC-79C7-4E99-B7C0-CA8B89519C6E}.Debug|x64.Build.0 = Debug|Any CPU
		{673DD1CC-79C7-4E99-B7C0-CA8B89519C6E}.Debug|x86.ActiveCfg = Debug|Any CPU
		{673DD1CC-79C7-4E99-B7C0-CA8B89519C6E}.Debug|x86.Build.0 = Debug|Any CPU
		{673DD1CC-79C7-4E99-B7C0-CA8B89519C6E}.Release|Any CPU.ActiveCfg = Release|Any CPU
		{673DD1CC-79C7-4E99-B7C0-CA8B89519C6E}.Release|Any CPU.Build.0 = Release|Any CPU
		{673DD1CC-79C7-4E99-B7C0-CA8B89519C6E}.Release|ARM.ActiveCfg = Release|Any CPU
		{673DD1CC-79C7-4E99-B7C0-CA8B89519C6E}.Release|ARM.Build.0 = Release|Any CPU
		{673DD1CC-79C7-4E99-B7C0-CA8B89519C6E}.Release|iPhone.ActiveCfg = Release|Any CPU
		{673DD1CC-79C7-4E99-B7C0-CA8B89519C6E}.Release|iPhone.Build.0 = Release|Any CPU
		{673DD1CC-79C7-4E99-B7C0-CA8B89519C6E}.Release|iPhoneSimulator.ActiveCfg = Release|Any CPU
		{673DD1CC-79C7-4E99-B7C0-CA8B89519C6E}.Release|iPhoneSimulator.Build.0 = Release|Any CPU
		{673DD1CC-79C7-4E99-B7C0-CA8B89519C6E}.Release|x64.ActiveCfg = Release|Any CPU
		{673DD1CC-79C7-4E99-B7C0-CA8B89519C6E}.Release|x64.Build.0 = Release|Any CPU
		{673DD1CC-79C7-4E99-B7C0-CA8B89519C6E}.Release|x86.ActiveCfg = Release|Any CPU
		{673DD1CC-79C7-4E99-B7C0-CA8B89519C6E}.Release|x86.Build.0 = Release|Any CPU
		{56BD34E2-1304-4F0B-A8FD-8FCBE6768427}.Debug|Any CPU.ActiveCfg = Debug|Any CPU
		{56BD34E2-1304-4F0B-A8FD-8FCBE6768427}.Debug|Any CPU.Build.0 = Debug|Any CPU
		{56BD34E2-1304-4F0B-A8FD-8FCBE6768427}.Debug|ARM.ActiveCfg = Debug|Any CPU
		{56BD34E2-1304-4F0B-A8FD-8FCBE6768427}.Debug|ARM.Build.0 = Debug|Any CPU
		{56BD34E2-1304-4F0B-A8FD-8FCBE6768427}.Debug|iPhone.ActiveCfg = Debug|Any CPU
		{56BD34E2-1304-4F0B-A8FD-8FCBE6768427}.Debug|iPhone.Build.0 = Debug|Any CPU
		{56BD34E2-1304-4F0B-A8FD-8FCBE6768427}.Debug|iPhoneSimulator.ActiveCfg = Debug|Any CPU
		{56BD34E2-1304-4F0B-A8FD-8FCBE6768427}.Debug|iPhoneSimulator.Build.0 = Debug|Any CPU
		{56BD34E2-1304-4F0B-A8FD-8FCBE6768427}.Debug|x64.ActiveCfg = Debug|Any CPU
		{56BD34E2-1304-4F0B-A8FD-8FCBE6768427}.Debug|x64.Build.0 = Debug|Any CPU
		{56BD34E2-1304-4F0B-A8FD-8FCBE6768427}.Debug|x86.ActiveCfg = Debug|Any CPU
		{56BD34E2-1304-4F0B-A8FD-8FCBE6768427}.Debug|x86.Build.0 = Debug|Any CPU
		{56BD34E2-1304-4F0B-A8FD-8FCBE6768427}.Release|Any CPU.ActiveCfg = Release|Any CPU
		{56BD34E2-1304-4F0B-A8FD-8FCBE6768427}.Release|Any CPU.Build.0 = Release|Any CPU
		{56BD34E2-1304-4F0B-A8FD-8FCBE6768427}.Release|ARM.ActiveCfg = Release|Any CPU
		{56BD34E2-1304-4F0B-A8FD-8FCBE6768427}.Release|ARM.Build.0 = Release|Any CPU
		{56BD34E2-1304-4F0B-A8FD-8FCBE6768427}.Release|iPhone.ActiveCfg = Release|Any CPU
		{56BD34E2-1304-4F0B-A8FD-8FCBE6768427}.Release|iPhone.Build.0 = Release|Any CPU
		{56BD34E2-1304-4F0B-A8FD-8FCBE6768427}.Release|iPhoneSimulator.ActiveCfg = Release|Any CPU
		{56BD34E2-1304-4F0B-A8FD-8FCBE6768427}.Release|iPhoneSimulator.Build.0 = Release|Any CPU
		{56BD34E2-1304-4F0B-A8FD-8FCBE6768427}.Release|x64.ActiveCfg = Release|Any CPU
		{56BD34E2-1304-4F0B-A8FD-8FCBE6768427}.Release|x64.Build.0 = Release|Any CPU
		{56BD34E2-1304-4F0B-A8FD-8FCBE6768427}.Release|x86.ActiveCfg = Release|Any CPU
		{56BD34E2-1304-4F0B-A8FD-8FCBE6768427}.Release|x86.Build.0 = Release|Any CPU
		{062745E2-7220-4123-8DE5-BB85992CA0DC}.Debug|Any CPU.ActiveCfg = Debug|Any CPU
		{062745E2-7220-4123-8DE5-BB85992CA0DC}.Debug|Any CPU.Build.0 = Debug|Any CPU
		{062745E2-7220-4123-8DE5-BB85992CA0DC}.Debug|ARM.ActiveCfg = Debug|Any CPU
		{062745E2-7220-4123-8DE5-BB85992CA0DC}.Debug|ARM.Build.0 = Debug|Any CPU
		{062745E2-7220-4123-8DE5-BB85992CA0DC}.Debug|iPhone.ActiveCfg = Debug|Any CPU
		{062745E2-7220-4123-8DE5-BB85992CA0DC}.Debug|iPhone.Build.0 = Debug|Any CPU
		{062745E2-7220-4123-8DE5-BB85992CA0DC}.Debug|iPhoneSimulator.ActiveCfg = Debug|Any CPU
		{062745E2-7220-4123-8DE5-BB85992CA0DC}.Debug|iPhoneSimulator.Build.0 = Debug|Any CPU
		{062745E2-7220-4123-8DE5-BB85992CA0DC}.Debug|x64.ActiveCfg = Debug|Any CPU
		{062745E2-7220-4123-8DE5-BB85992CA0DC}.Debug|x64.Build.0 = Debug|Any CPU
		{062745E2-7220-4123-8DE5-BB85992CA0DC}.Debug|x86.ActiveCfg = Debug|Any CPU
		{062745E2-7220-4123-8DE5-BB85992CA0DC}.Debug|x86.Build.0 = Debug|Any CPU
		{062745E2-7220-4123-8DE5-BB85992CA0DC}.Release|Any CPU.ActiveCfg = Release|Any CPU
		{062745E2-7220-4123-8DE5-BB85992CA0DC}.Release|Any CPU.Build.0 = Release|Any CPU
		{062745E2-7220-4123-8DE5-BB85992CA0DC}.Release|ARM.ActiveCfg = Release|Any CPU
		{062745E2-7220-4123-8DE5-BB85992CA0DC}.Release|ARM.Build.0 = Release|Any CPU
		{062745E2-7220-4123-8DE5-BB85992CA0DC}.Release|iPhone.ActiveCfg = Release|Any CPU
		{062745E2-7220-4123-8DE5-BB85992CA0DC}.Release|iPhone.Build.0 = Release|Any CPU
		{062745E2-7220-4123-8DE5-BB85992CA0DC}.Release|iPhoneSimulator.ActiveCfg = Release|Any CPU
		{062745E2-7220-4123-8DE5-BB85992CA0DC}.Release|iPhoneSimulator.Build.0 = Release|Any CPU
		{062745E2-7220-4123-8DE5-BB85992CA0DC}.Release|x64.ActiveCfg = Release|Any CPU
		{062745E2-7220-4123-8DE5-BB85992CA0DC}.Release|x64.Build.0 = Release|Any CPU
		{062745E2-7220-4123-8DE5-BB85992CA0DC}.Release|x86.ActiveCfg = Release|Any CPU
		{062745E2-7220-4123-8DE5-BB85992CA0DC}.Release|x86.Build.0 = Release|Any CPU
		{EDEF311C-DD88-4374-B864-182858C0880E}.Debug|Any CPU.ActiveCfg = Debug|Any CPU
		{EDEF311C-DD88-4374-B864-182858C0880E}.Debug|Any CPU.Build.0 = Debug|Any CPU
		{EDEF311C-DD88-4374-B864-182858C0880E}.Debug|ARM.ActiveCfg = Debug|Any CPU
		{EDEF311C-DD88-4374-B864-182858C0880E}.Debug|ARM.Build.0 = Debug|Any CPU
		{EDEF311C-DD88-4374-B864-182858C0880E}.Debug|iPhone.ActiveCfg = Debug|Any CPU
		{EDEF311C-DD88-4374-B864-182858C0880E}.Debug|iPhone.Build.0 = Debug|Any CPU
		{EDEF311C-DD88-4374-B864-182858C0880E}.Debug|iPhoneSimulator.ActiveCfg = Debug|Any CPU
		{EDEF311C-DD88-4374-B864-182858C0880E}.Debug|iPhoneSimulator.Build.0 = Debug|Any CPU
		{EDEF311C-DD88-4374-B864-182858C0880E}.Debug|x64.ActiveCfg = Debug|Any CPU
		{EDEF311C-DD88-4374-B864-182858C0880E}.Debug|x64.Build.0 = Debug|Any CPU
		{EDEF311C-DD88-4374-B864-182858C0880E}.Debug|x86.ActiveCfg = Debug|Any CPU
		{EDEF311C-DD88-4374-B864-182858C0880E}.Debug|x86.Build.0 = Debug|Any CPU
		{EDEF311C-DD88-4374-B864-182858C0880E}.Release|Any CPU.ActiveCfg = Release|Any CPU
		{EDEF311C-DD88-4374-B864-182858C0880E}.Release|Any CPU.Build.0 = Release|Any CPU
		{EDEF311C-DD88-4374-B864-182858C0880E}.Release|ARM.ActiveCfg = Release|Any CPU
		{EDEF311C-DD88-4374-B864-182858C0880E}.Release|ARM.Build.0 = Release|Any CPU
		{EDEF311C-DD88-4374-B864-182858C0880E}.Release|iPhone.ActiveCfg = Release|Any CPU
		{EDEF311C-DD88-4374-B864-182858C0880E}.Release|iPhone.Build.0 = Release|Any CPU
		{EDEF311C-DD88-4374-B864-182858C0880E}.Release|iPhoneSimulator.ActiveCfg = Release|Any CPU
		{EDEF311C-DD88-4374-B864-182858C0880E}.Release|iPhoneSimulator.Build.0 = Release|Any CPU
		{EDEF311C-DD88-4374-B864-182858C0880E}.Release|x64.ActiveCfg = Release|Any CPU
		{EDEF311C-DD88-4374-B864-182858C0880E}.Release|x64.Build.0 = Release|Any CPU
		{EDEF311C-DD88-4374-B864-182858C0880E}.Release|x86.ActiveCfg = Release|Any CPU
		{EDEF311C-DD88-4374-B864-182858C0880E}.Release|x86.Build.0 = Release|Any CPU
		{CFD57A11-634E-4131-9AB6-7A3480822391}.Debug|Any CPU.ActiveCfg = Debug|Any CPU
		{CFD57A11-634E-4131-9AB6-7A3480822391}.Debug|Any CPU.Build.0 = Debug|Any CPU
		{CFD57A11-634E-4131-9AB6-7A3480822391}.Debug|ARM.ActiveCfg = Debug|Any CPU
		{CFD57A11-634E-4131-9AB6-7A3480822391}.Debug|ARM.Build.0 = Debug|Any CPU
		{CFD57A11-634E-4131-9AB6-7A3480822391}.Debug|iPhone.ActiveCfg = Debug|Any CPU
		{CFD57A11-634E-4131-9AB6-7A3480822391}.Debug|iPhone.Build.0 = Debug|Any CPU
		{CFD57A11-634E-4131-9AB6-7A3480822391}.Debug|iPhoneSimulator.ActiveCfg = Debug|Any CPU
		{CFD57A11-634E-4131-9AB6-7A3480822391}.Debug|iPhoneSimulator.Build.0 = Debug|Any CPU
		{CFD57A11-634E-4131-9AB6-7A3480822391}.Debug|x64.ActiveCfg = Debug|Any CPU
		{CFD57A11-634E-4131-9AB6-7A3480822391}.Debug|x64.Build.0 = Debug|Any CPU
		{CFD57A11-634E-4131-9AB6-7A3480822391}.Debug|x86.ActiveCfg = Debug|Any CPU
		{CFD57A11-634E-4131-9AB6-7A3480822391}.Debug|x86.Build.0 = Debug|Any CPU
		{CFD57A11-634E-4131-9AB6-7A3480822391}.Release|Any CPU.ActiveCfg = Release|Any CPU
		{CFD57A11-634E-4131-9AB6-7A3480822391}.Release|Any CPU.Build.0 = Release|Any CPU
		{CFD57A11-634E-4131-9AB6-7A3480822391}.Release|ARM.ActiveCfg = Release|Any CPU
		{CFD57A11-634E-4131-9AB6-7A3480822391}.Release|ARM.Build.0 = Release|Any CPU
		{CFD57A11-634E-4131-9AB6-7A3480822391}.Release|iPhone.ActiveCfg = Release|Any CPU
		{CFD57A11-634E-4131-9AB6-7A3480822391}.Release|iPhone.Build.0 = Release|Any CPU
		{CFD57A11-634E-4131-9AB6-7A3480822391}.Release|iPhoneSimulator.ActiveCfg = Release|Any CPU
		{CFD57A11-634E-4131-9AB6-7A3480822391}.Release|iPhoneSimulator.Build.0 = Release|Any CPU
		{CFD57A11-634E-4131-9AB6-7A3480822391}.Release|x64.ActiveCfg = Release|Any CPU
		{CFD57A11-634E-4131-9AB6-7A3480822391}.Release|x64.Build.0 = Release|Any CPU
		{CFD57A11-634E-4131-9AB6-7A3480822391}.Release|x86.ActiveCfg = Release|Any CPU
		{CFD57A11-634E-4131-9AB6-7A3480822391}.Release|x86.Build.0 = Release|Any CPU
		{2C647ABC-FF53-4E72-8BA6-38F9914FF090}.Debug|Any CPU.ActiveCfg = Debug|Any CPU
		{2C647ABC-FF53-4E72-8BA6-38F9914FF090}.Debug|Any CPU.Build.0 = Debug|Any CPU
		{2C647ABC-FF53-4E72-8BA6-38F9914FF090}.Debug|ARM.ActiveCfg = Debug|Any CPU
		{2C647ABC-FF53-4E72-8BA6-38F9914FF090}.Debug|ARM.Build.0 = Debug|Any CPU
		{2C647ABC-FF53-4E72-8BA6-38F9914FF090}.Debug|iPhone.ActiveCfg = Debug|Any CPU
		{2C647ABC-FF53-4E72-8BA6-38F9914FF090}.Debug|iPhone.Build.0 = Debug|Any CPU
		{2C647ABC-FF53-4E72-8BA6-38F9914FF090}.Debug|iPhoneSimulator.ActiveCfg = Debug|Any CPU
		{2C647ABC-FF53-4E72-8BA6-38F9914FF090}.Debug|iPhoneSimulator.Build.0 = Debug|Any CPU
		{2C647ABC-FF53-4E72-8BA6-38F9914FF090}.Debug|x64.ActiveCfg = Debug|Any CPU
		{2C647ABC-FF53-4E72-8BA6-38F9914FF090}.Debug|x64.Build.0 = Debug|Any CPU
		{2C647ABC-FF53-4E72-8BA6-38F9914FF090}.Debug|x86.ActiveCfg = Debug|Any CPU
		{2C647ABC-FF53-4E72-8BA6-38F9914FF090}.Debug|x86.Build.0 = Debug|Any CPU
		{2C647ABC-FF53-4E72-8BA6-38F9914FF090}.Release|Any CPU.ActiveCfg = Release|Any CPU
		{2C647ABC-FF53-4E72-8BA6-38F9914FF090}.Release|Any CPU.Build.0 = Release|Any CPU
		{2C647ABC-FF53-4E72-8BA6-38F9914FF090}.Release|ARM.ActiveCfg = Release|Any CPU
		{2C647ABC-FF53-4E72-8BA6-38F9914FF090}.Release|ARM.Build.0 = Release|Any CPU
		{2C647ABC-FF53-4E72-8BA6-38F9914FF090}.Release|iPhone.ActiveCfg = Release|Any CPU
		{2C647ABC-FF53-4E72-8BA6-38F9914FF090}.Release|iPhone.Build.0 = Release|Any CPU
		{2C647ABC-FF53-4E72-8BA6-38F9914FF090}.Release|iPhoneSimulator.ActiveCfg = Release|Any CPU
		{2C647ABC-FF53-4E72-8BA6-38F9914FF090}.Release|iPhoneSimulator.Build.0 = Release|Any CPU
		{2C647ABC-FF53-4E72-8BA6-38F9914FF090}.Release|x64.ActiveCfg = Release|Any CPU
		{2C647ABC-FF53-4E72-8BA6-38F9914FF090}.Release|x64.Build.0 = Release|Any CPU
		{2C647ABC-FF53-4E72-8BA6-38F9914FF090}.Release|x86.ActiveCfg = Release|Any CPU
		{2C647ABC-FF53-4E72-8BA6-38F9914FF090}.Release|x86.Build.0 = Release|Any CPU
		{8A2E3F7E-578D-43FA-9D60-D4B04E0296D9}.Debug|Any CPU.ActiveCfg = Debug|x64
		{8A2E3F7E-578D-43FA-9D60-D4B04E0296D9}.Debug|Any CPU.Build.0 = Debug|x64
		{8A2E3F7E-578D-43FA-9D60-D4B04E0296D9}.Debug|Any CPU.Deploy.0 = Debug|x64
		{8A2E3F7E-578D-43FA-9D60-D4B04E0296D9}.Debug|ARM.ActiveCfg = Debug|ARM
		{8A2E3F7E-578D-43FA-9D60-D4B04E0296D9}.Debug|ARM.Build.0 = Debug|ARM
		{8A2E3F7E-578D-43FA-9D60-D4B04E0296D9}.Debug|ARM.Deploy.0 = Debug|ARM
		{8A2E3F7E-578D-43FA-9D60-D4B04E0296D9}.Debug|iPhone.ActiveCfg = Debug|x64
		{8A2E3F7E-578D-43FA-9D60-D4B04E0296D9}.Debug|iPhone.Build.0 = Debug|x64
		{8A2E3F7E-578D-43FA-9D60-D4B04E0296D9}.Debug|iPhone.Deploy.0 = Debug|x64
		{8A2E3F7E-578D-43FA-9D60-D4B04E0296D9}.Debug|iPhoneSimulator.ActiveCfg = Debug|x64
		{8A2E3F7E-578D-43FA-9D60-D4B04E0296D9}.Debug|iPhoneSimulator.Build.0 = Debug|x64
		{8A2E3F7E-578D-43FA-9D60-D4B04E0296D9}.Debug|iPhoneSimulator.Deploy.0 = Debug|x64
		{8A2E3F7E-578D-43FA-9D60-D4B04E0296D9}.Debug|x64.ActiveCfg = Debug|x64
		{8A2E3F7E-578D-43FA-9D60-D4B04E0296D9}.Debug|x64.Build.0 = Debug|x64
		{8A2E3F7E-578D-43FA-9D60-D4B04E0296D9}.Debug|x64.Deploy.0 = Debug|x64
		{8A2E3F7E-578D-43FA-9D60-D4B04E0296D9}.Debug|x86.ActiveCfg = Debug|x86
		{8A2E3F7E-578D-43FA-9D60-D4B04E0296D9}.Debug|x86.Build.0 = Debug|x86
		{8A2E3F7E-578D-43FA-9D60-D4B04E0296D9}.Debug|x86.Deploy.0 = Debug|x86
		{8A2E3F7E-578D-43FA-9D60-D4B04E0296D9}.Release|Any CPU.ActiveCfg = Release|x64
		{8A2E3F7E-578D-43FA-9D60-D4B04E0296D9}.Release|Any CPU.Build.0 = Release|x64
		{8A2E3F7E-578D-43FA-9D60-D4B04E0296D9}.Release|Any CPU.Deploy.0 = Release|x64
		{8A2E3F7E-578D-43FA-9D60-D4B04E0296D9}.Release|ARM.ActiveCfg = Release|ARM
		{8A2E3F7E-578D-43FA-9D60-D4B04E0296D9}.Release|ARM.Build.0 = Release|ARM
		{8A2E3F7E-578D-43FA-9D60-D4B04E0296D9}.Release|ARM.Deploy.0 = Release|ARM
		{8A2E3F7E-578D-43FA-9D60-D4B04E0296D9}.Release|iPhone.ActiveCfg = Release|x64
		{8A2E3F7E-578D-43FA-9D60-D4B04E0296D9}.Release|iPhone.Build.0 = Release|x64
		{8A2E3F7E-578D-43FA-9D60-D4B04E0296D9}.Release|iPhone.Deploy.0 = Release|x64
		{8A2E3F7E-578D-43FA-9D60-D4B04E0296D9}.Release|iPhoneSimulator.ActiveCfg = Release|x64
		{8A2E3F7E-578D-43FA-9D60-D4B04E0296D9}.Release|iPhoneSimulator.Build.0 = Release|x64
		{8A2E3F7E-578D-43FA-9D60-D4B04E0296D9}.Release|iPhoneSimulator.Deploy.0 = Release|x64
		{8A2E3F7E-578D-43FA-9D60-D4B04E0296D9}.Release|x64.ActiveCfg = Release|x64
		{8A2E3F7E-578D-43FA-9D60-D4B04E0296D9}.Release|x64.Build.0 = Release|x64
		{8A2E3F7E-578D-43FA-9D60-D4B04E0296D9}.Release|x64.Deploy.0 = Release|x64
		{8A2E3F7E-578D-43FA-9D60-D4B04E0296D9}.Release|x86.ActiveCfg = Release|x86
		{8A2E3F7E-578D-43FA-9D60-D4B04E0296D9}.Release|x86.Build.0 = Release|x86
		{8A2E3F7E-578D-43FA-9D60-D4B04E0296D9}.Release|x86.Deploy.0 = Release|x86
		{8562ADF5-5740-4EA6-8823-23BEA280A20A}.Debug|Any CPU.ActiveCfg = Debug|Any CPU
		{8562ADF5-5740-4EA6-8823-23BEA280A20A}.Debug|Any CPU.Build.0 = Debug|Any CPU
		{8562ADF5-5740-4EA6-8823-23BEA280A20A}.Debug|Any CPU.Deploy.0 = Debug|Any CPU
		{8562ADF5-5740-4EA6-8823-23BEA280A20A}.Debug|ARM.ActiveCfg = Debug|Any CPU
		{8562ADF5-5740-4EA6-8823-23BEA280A20A}.Debug|ARM.Build.0 = Debug|Any CPU
		{8562ADF5-5740-4EA6-8823-23BEA280A20A}.Debug|ARM.Deploy.0 = Debug|Any CPU
		{8562ADF5-5740-4EA6-8823-23BEA280A20A}.Debug|iPhone.ActiveCfg = Debug|Any CPU
		{8562ADF5-5740-4EA6-8823-23BEA280A20A}.Debug|iPhone.Build.0 = Debug|Any CPU
		{8562ADF5-5740-4EA6-8823-23BEA280A20A}.Debug|iPhone.Deploy.0 = Debug|Any CPU
		{8562ADF5-5740-4EA6-8823-23BEA280A20A}.Debug|iPhoneSimulator.ActiveCfg = Debug|Any CPU
		{8562ADF5-5740-4EA6-8823-23BEA280A20A}.Debug|iPhoneSimulator.Build.0 = Debug|Any CPU
		{8562ADF5-5740-4EA6-8823-23BEA280A20A}.Debug|iPhoneSimulator.Deploy.0 = Debug|Any CPU
		{8562ADF5-5740-4EA6-8823-23BEA280A20A}.Debug|x64.ActiveCfg = Debug|Any CPU
		{8562ADF5-5740-4EA6-8823-23BEA280A20A}.Debug|x64.Build.0 = Debug|Any CPU
		{8562ADF5-5740-4EA6-8823-23BEA280A20A}.Debug|x64.Deploy.0 = Debug|Any CPU
		{8562ADF5-5740-4EA6-8823-23BEA280A20A}.Debug|x86.ActiveCfg = Debug|Any CPU
		{8562ADF5-5740-4EA6-8823-23BEA280A20A}.Debug|x86.Build.0 = Debug|Any CPU
		{8562ADF5-5740-4EA6-8823-23BEA280A20A}.Debug|x86.Deploy.0 = Debug|Any CPU
		{8562ADF5-5740-4EA6-8823-23BEA280A20A}.Release|Any CPU.ActiveCfg = Release|Any CPU
		{8562ADF5-5740-4EA6-8823-23BEA280A20A}.Release|Any CPU.Build.0 = Release|Any CPU
		{8562ADF5-5740-4EA6-8823-23BEA280A20A}.Release|Any CPU.Deploy.0 = Release|Any CPU
		{8562ADF5-5740-4EA6-8823-23BEA280A20A}.Release|ARM.ActiveCfg = Release|Any CPU
		{8562ADF5-5740-4EA6-8823-23BEA280A20A}.Release|ARM.Build.0 = Release|Any CPU
		{8562ADF5-5740-4EA6-8823-23BEA280A20A}.Release|ARM.Deploy.0 = Release|Any CPU
		{8562ADF5-5740-4EA6-8823-23BEA280A20A}.Release|iPhone.ActiveCfg = Release|Any CPU
		{8562ADF5-5740-4EA6-8823-23BEA280A20A}.Release|iPhone.Build.0 = Release|Any CPU
		{8562ADF5-5740-4EA6-8823-23BEA280A20A}.Release|iPhone.Deploy.0 = Release|Any CPU
		{8562ADF5-5740-4EA6-8823-23BEA280A20A}.Release|iPhoneSimulator.ActiveCfg = Release|Any CPU
		{8562ADF5-5740-4EA6-8823-23BEA280A20A}.Release|iPhoneSimulator.Build.0 = Release|Any CPU
		{8562ADF5-5740-4EA6-8823-23BEA280A20A}.Release|iPhoneSimulator.Deploy.0 = Release|Any CPU
		{8562ADF5-5740-4EA6-8823-23BEA280A20A}.Release|x64.ActiveCfg = Release|Any CPU
		{8562ADF5-5740-4EA6-8823-23BEA280A20A}.Release|x64.Build.0 = Release|Any CPU
		{8562ADF5-5740-4EA6-8823-23BEA280A20A}.Release|x64.Deploy.0 = Release|Any CPU
		{8562ADF5-5740-4EA6-8823-23BEA280A20A}.Release|x86.ActiveCfg = Release|Any CPU
		{8562ADF5-5740-4EA6-8823-23BEA280A20A}.Release|x86.Build.0 = Release|Any CPU
		{8562ADF5-5740-4EA6-8823-23BEA280A20A}.Release|x86.Deploy.0 = Release|Any CPU
		{F98FBBAC-AA00-4C2B-B4C4-C6CE1F8E5D85}.Debug|Any CPU.ActiveCfg = Debug|iPhoneSimulator
		{F98FBBAC-AA00-4C2B-B4C4-C6CE1F8E5D85}.Debug|Any CPU.Build.0 = Debug|iPhoneSimulator
		{F98FBBAC-AA00-4C2B-B4C4-C6CE1F8E5D85}.Debug|ARM.ActiveCfg = Debug|iPhoneSimulator
		{F98FBBAC-AA00-4C2B-B4C4-C6CE1F8E5D85}.Debug|ARM.Build.0 = Debug|iPhoneSimulator
		{F98FBBAC-AA00-4C2B-B4C4-C6CE1F8E5D85}.Debug|iPhone.ActiveCfg = Debug|iPhone
		{F98FBBAC-AA00-4C2B-B4C4-C6CE1F8E5D85}.Debug|iPhone.Build.0 = Debug|iPhone
		{F98FBBAC-AA00-4C2B-B4C4-C6CE1F8E5D85}.Debug|iPhoneSimulator.ActiveCfg = Debug|iPhoneSimulator
		{F98FBBAC-AA00-4C2B-B4C4-C6CE1F8E5D85}.Debug|iPhoneSimulator.Build.0 = Debug|iPhoneSimulator
		{F98FBBAC-AA00-4C2B-B4C4-C6CE1F8E5D85}.Debug|x64.ActiveCfg = Debug|iPhoneSimulator
		{F98FBBAC-AA00-4C2B-B4C4-C6CE1F8E5D85}.Debug|x64.Build.0 = Debug|iPhoneSimulator
		{F98FBBAC-AA00-4C2B-B4C4-C6CE1F8E5D85}.Debug|x86.ActiveCfg = Debug|iPhoneSimulator
		{F98FBBAC-AA00-4C2B-B4C4-C6CE1F8E5D85}.Debug|x86.Build.0 = Debug|iPhoneSimulator
		{F98FBBAC-AA00-4C2B-B4C4-C6CE1F8E5D85}.Release|Any CPU.ActiveCfg = Release|iPhoneSimulator
		{F98FBBAC-AA00-4C2B-B4C4-C6CE1F8E5D85}.Release|Any CPU.Build.0 = Release|iPhoneSimulator
		{F98FBBAC-AA00-4C2B-B4C4-C6CE1F8E5D85}.Release|ARM.ActiveCfg = Release|iPhoneSimulator
		{F98FBBAC-AA00-4C2B-B4C4-C6CE1F8E5D85}.Release|ARM.Build.0 = Release|iPhoneSimulator
		{F98FBBAC-AA00-4C2B-B4C4-C6CE1F8E5D85}.Release|iPhone.ActiveCfg = Release|iPhone
		{F98FBBAC-AA00-4C2B-B4C4-C6CE1F8E5D85}.Release|iPhone.Build.0 = Release|iPhone
		{F98FBBAC-AA00-4C2B-B4C4-C6CE1F8E5D85}.Release|iPhoneSimulator.ActiveCfg = Release|iPhoneSimulator
		{F98FBBAC-AA00-4C2B-B4C4-C6CE1F8E5D85}.Release|iPhoneSimulator.Build.0 = Release|iPhoneSimulator
		{F98FBBAC-AA00-4C2B-B4C4-C6CE1F8E5D85}.Release|x64.ActiveCfg = Release|iPhoneSimulator
		{F98FBBAC-AA00-4C2B-B4C4-C6CE1F8E5D85}.Release|x64.Build.0 = Release|iPhoneSimulator
		{F98FBBAC-AA00-4C2B-B4C4-C6CE1F8E5D85}.Release|x86.ActiveCfg = Release|iPhoneSimulator
		{F98FBBAC-AA00-4C2B-B4C4-C6CE1F8E5D85}.Release|x86.Build.0 = Release|iPhoneSimulator
		{19961196-AB32-455D-BB72-3699D08B597F}.Debug|Any CPU.ActiveCfg = Debug|Any CPU
		{19961196-AB32-455D-BB72-3699D08B597F}.Debug|Any CPU.Build.0 = Debug|Any CPU
		{19961196-AB32-455D-BB72-3699D08B597F}.Debug|ARM.ActiveCfg = Debug|Any CPU
		{19961196-AB32-455D-BB72-3699D08B597F}.Debug|ARM.Build.0 = Debug|Any CPU
		{19961196-AB32-455D-BB72-3699D08B597F}.Debug|iPhone.ActiveCfg = Debug|Any CPU
		{19961196-AB32-455D-BB72-3699D08B597F}.Debug|iPhone.Build.0 = Debug|Any CPU
		{19961196-AB32-455D-BB72-3699D08B597F}.Debug|iPhoneSimulator.ActiveCfg = Debug|Any CPU
		{19961196-AB32-455D-BB72-3699D08B597F}.Debug|iPhoneSimulator.Build.0 = Debug|Any CPU
		{19961196-AB32-455D-BB72-3699D08B597F}.Debug|x64.ActiveCfg = Debug|Any CPU
		{19961196-AB32-455D-BB72-3699D08B597F}.Debug|x64.Build.0 = Debug|Any CPU
		{19961196-AB32-455D-BB72-3699D08B597F}.Debug|x86.ActiveCfg = Debug|Any CPU
		{19961196-AB32-455D-BB72-3699D08B597F}.Debug|x86.Build.0 = Debug|Any CPU
		{19961196-AB32-455D-BB72-3699D08B597F}.Release|Any CPU.ActiveCfg = Release|Any CPU
		{19961196-AB32-455D-BB72-3699D08B597F}.Release|Any CPU.Build.0 = Release|Any CPU
		{19961196-AB32-455D-BB72-3699D08B597F}.Release|ARM.ActiveCfg = Release|Any CPU
		{19961196-AB32-455D-BB72-3699D08B597F}.Release|ARM.Build.0 = Release|Any CPU
		{19961196-AB32-455D-BB72-3699D08B597F}.Release|iPhone.ActiveCfg = Release|Any CPU
		{19961196-AB32-455D-BB72-3699D08B597F}.Release|iPhone.Build.0 = Release|Any CPU
		{19961196-AB32-455D-BB72-3699D08B597F}.Release|iPhoneSimulator.ActiveCfg = Release|Any CPU
		{19961196-AB32-455D-BB72-3699D08B597F}.Release|iPhoneSimulator.Build.0 = Release|Any CPU
		{19961196-AB32-455D-BB72-3699D08B597F}.Release|x64.ActiveCfg = Release|Any CPU
		{19961196-AB32-455D-BB72-3699D08B597F}.Release|x64.Build.0 = Release|Any CPU
		{19961196-AB32-455D-BB72-3699D08B597F}.Release|x86.ActiveCfg = Release|Any CPU
		{19961196-AB32-455D-BB72-3699D08B597F}.Release|x86.Build.0 = Release|Any CPU
	EndGlobalSection
	GlobalSection(SolutionProperties) = preSolution
		HideSolutionNode = FALSE
	EndGlobalSection
	GlobalSection(ExtensibilityGlobals) = postSolution
		SolutionGuid = {1FDEB6FA-9FB1-4965-8AC6-09EA8CB2E660}
	EndGlobalSection
EndGlobal
